github.com/diegoclair/bookstore_oauth-go v1.0.1 h1:TVRisXS7tw4i+COPyTK02zIObLy194qzWfXse5yNfqs=
github.com/diegoclair/bookstore_oauth-go v1.0.1/go.mod h1:j5IOsszZzDEBin8EoxXH/obYnEJnw1fR+4+70pkGuhA=
github.com/diegoclair/go_utils-lib v1.0.1 h1:C0Np0/F3g4xKvMSyOYCnYh9ab3xf3wTWd7IT67Pct4Q=
github.com/diegoclair/go_utils-lib v1.0.1/go.mod h1:G8AaPnTzPNLTRB8UzMBenb7Ll1ZbFs0ELBLIl7YlIb8=
github.com/federicoleon/golang-restclient v0.0.0-20191104170228-162ed620df66 h1:QESWlOIiziWcM4bCvtT7TFg4PXjudKMnO3ArjxuIJj4=
github.com/federicoleon/golang-restclient v0.0.0-20191104170228-162ed620df66/go.mod h1:lvjF6h5LrES4h39ha/njlBBBqCmISh6BNSEiXH+mT5k=
github.com/gorilla/mux v1.7.4 h1:VuZ8uybHlWmqV03+zRzdwKL4tUnIp1MAQtp1mIFE1bc=
github.com/gorilla/mux v1.7.4/go.mod h1:DVbg23sWSpFRCP0SfiEN6jmj59UnW/n46BH5rLB71So=
